
Microsoft Visual Studio Solution File, Format Version 12.00
# Visual Studio Version 17
VisualStudioVersion = 17.9.34728.123
MinimumVisualStudioVersion = 10.0.40219.1
Project("{2150E333-8FDC-42A3-9474-1A3956D46DE8}") = "src", "src", "{79D2CDB4-3E66-4A84-9E06-B57AB486B914}"
EndProject
Project("{2150E333-8FDC-42A3-9474-1A3956D46DE8}") = "tests", "tests", "{DB744D38-166D-4EB5-869C-39864158EA09}"
EndProject
Project("{FAE04EC0-301F-11D3-BF4B-00C04F79EFBC}") = "CashFlow.Api", "src\CashFlow.Api\CashFlow.Api.csproj", "{B3BC1E39-B5AB-4879-851C-3DF0A911719F}"
EndProject
Project("{FAE04EC0-301F-11D3-BF4B-00C04F79EFBC}") = "CashFlow.Domain", "src\CashFlow.Domain\CashFlow.Domain.csproj", "{87AAD71A-A992-4167-8B6F-4EC3B9D6F2DB}"
EndProject
Project("{FAE04EC0-301F-11D3-BF4B-00C04F79EFBC}") = "CashFlow.Application", "src\CashFlow.Application\CashFlow.Application.csproj", "{D192B44E-6A40-4CD7-BA3B-7B2CD83B397C}"
EndProject
Project("{FAE04EC0-301F-11D3-BF4B-00C04F79EFBC}") = "CashFlow.Communication", "src\CashFlow.Communication\CashFlow.Communication.csproj", "{BAD839CA-2209-496F-8589-7C3CF8010ACA}"
EndProject
Project("{FAE04EC0-301F-11D3-BF4B-00C04F79EFBC}") = "CashFlow.Exception", "src\CashFlow.Exception\CashFlow.Exception.csproj", "{44B1EFBB-E82F-441B-8CF8-2D6C51616FCF}"
EndProject
Project("{FAE04EC0-301F-11D3-BF4B-00C04F79EFBC}") = "CashFlow.Infrastructure", "src\CashFlow.Infrastructure\CashFlow.Infrastructure.csproj", "{C25C27AE-280E-4938-A003-04401B4942B6}"
EndProject
Global
	GlobalSection(SolutionConfigurationPlatforms) = preSolution
		Debug|Any CPU = Debug|Any CPU
		Release|Any CPU = Release|Any CPU
	EndGlobalSection
	GlobalSection(ProjectConfigurationPlatforms) = postSolution
		{B3BC1E39-B5AB-4879-851C-3DF0A911719F}.Debug|Any CPU.ActiveCfg = Debug|Any CPU
		{B3BC1E39-B5AB-4879-851C-3DF0A911719F}.Debug|Any CPU.Build.0 = Debug|Any CPU
		{B3BC1E39-B5AB-4879-851C-3DF0A911719F}.Release|Any CPU.ActiveCfg = Release|Any CPU
		{B3BC1E39-B5AB-4879-851C-3DF0A911719F}.Release|Any CPU.Build.0 = Release|Any CPU
		{87AAD71A-A992-4167-8B6F-4EC3B9D6F2DB}.Debug|Any CPU.ActiveCfg = Debug|Any CPU
		{87AAD71A-A992-4167-8B6F-4EC3B9D6F2DB}.Debug|Any CPU.Build.0 = Debug|Any CPU
		{87AAD71A-A992-4167-8B6F-4EC3B9D6F2DB}.Release|Any CPU.ActiveCfg = Release|Any CPU
		{87AAD71A-A992-4167-8B6F-4EC3B9D6F2DB}.Release|Any CPU.Build.0 = Release|Any CPU
		{D192B44E-6A40-4CD7-BA3B-7B2CD83B397C}.Debug|Any CPU.ActiveCfg = Debug|Any CPU
		{D192B44E-6A40-4CD7-BA3B-7B2CD83B397C}.Debug|Any CPU.Build.0 = Debug|Any CPU
		{D192B44E-6A40-4CD7-BA3B-7B2CD83B397C}.Release|Any CPU.ActiveCfg = Release|Any CPU
		{D192B44E-6A40-4CD7-BA3B-7B2CD83B397C}.Release|Any CPU.Build.0 = Release|Any CPU
		{BAD839CA-2209-496F-8589-7C3CF8010ACA}.Debug|Any CPU.ActiveCfg = Debug|Any CPU
		{BAD839CA-2209-496F-8589-7C3CF8010ACA}.Debug|Any CPU.Build.0 = Debug|Any CPU
		{BAD839CA-2209-496F-8589-7C3CF8010ACA}.Release|Any CPU.ActiveCfg = Release|Any CPU
		{BAD839CA-2209-496F-8589-7C3CF8010ACA}.Release|Any CPU.Build.0 = Release|Any CPU
		{44B1EFBB-E82F-441B-8CF8-2D6C51616FCF}.Debug|Any CPU.ActiveCfg = Debug|Any CPU
		{44B1EFBB-E82F-441B-8CF8-2D6C51616FCF}.Debug|Any CPU.Build.0 = Debug|Any CPU
		{44B1EFBB-E82F-441B-8CF8-2D6C51616FCF}.Release|Any CPU.ActiveCfg = Release|Any CPU
		{44B1EFBB-E82F-441B-8CF8-2D6C51616FCF}.Release|Any CPU.Build.0 = Release|Any CPU
		{C25C27AE-280E-4938-A003-04401B4942B6}.Debug|Any CPU.ActiveCfg = Debug|Any CPU
		{C25C27AE-280E-4938-A003-04401B4942B6}.Debug|Any CPU.Build.0 = Debug|Any CPU
		{C25C27AE-280E-4938-A003-04401B4942B6}.Release|Any CPU.ActiveCfg = Release|Any CPU
		{C25C27AE-280E-4938-A003-04401B4942B6}.Release|Any CPU.Build.0 = Release|Any CPU
	EndGlobalSection
	GlobalSection(SolutionProperties) = preSolution
		HideSolutionNode = FALSE
	EndGlobalSection
	GlobalSection(NestedProjects) = preSolution
		{B3BC1E39-B5AB-4879-851C-3DF0A911719F} = {79D2CDB4-3E66-4A84-9E06-B57AB486B914}
		{87AAD71A-A992-4167-8B6F-4EC3B9D6F2DB} = {79D2CDB4-3E66-4A84-9E06-B57AB486B914}
		{D192B44E-6A40-4CD7-BA3B-7B2CD83B397C} = {79D2CDB4-3E66-4A84-9E06-B57AB486B914}
		{BAD839CA-2209-496F-8589-7C3CF8010ACA} = {79D2CDB4-3E66-4A84-9E06-B57AB486B914}
		{44B1EFBB-E82F-441B-8CF8-2D6C51616FCF} = {79D2CDB4-3E66-4A84-9E06-B57AB486B914}
		{C25C27AE-280E-4938-A003-04401B4942B6} = {79D2CDB4-3E66-4A84-9E06-B57AB486B914}
	EndGlobalSection
	GlobalSection(ExtensibilityGlobals) = postSolution
		SolutionGuid = {BE14F090-2F94-4043-AD2A-86383D0BC0DB}
	EndGlobalSection
EndGlobal
